{
  "name": "@nikhil-stack/number-formate",
  "version": "1.0.3-1",
  "lockfileVersion": 3,
  "requires": true,
  "packages": {
    "": {
      "name": "@nikhil-stack/number-formate",
      "version": "1.0.3-1",
      "license": "ISC",
      "dependencies": {
        "@nikhil-stack/number-formate": "^1.0.1"
      }
    },
    "node_modules/@nikhil-stack/number-formate": {
      "version": "1.0.1",
      "resolved": "https://registry.npmjs.org/@nikhil-stack/number-formate/-/number-formate-1.0.1.tgz",
      "integrity": "sha512-KH6k1haNjdgeHly1aqyqztN21WWqna3K5MVf/25OBGMzEp0VavTWXXIunkGMG+drTPys/XwsxTdxVAxSvXiKJg=="
    }
  }
}
